// !$*UTF8*$!
{
	archiveVersion = 1;
	classes = {
	};
	objectVersion = 55;
	objects = {

/* Begin PBXBuildFile section */
		8A7A6F6C27202D15008A7E40 /* AppDelegate.swift in Sources */ = {isa = PBXBuildFile; fileRef = 8A7A6F6B27202D15008A7E40 /* AppDelegate.swift */; };
		8A7A6F6E27202D15008A7E40 /* SceneDelegate.swift in Sources */ = {isa = PBXBuildFile; fileRef = 8A7A6F6D27202D15008A7E40 /* SceneDelegate.swift */; };
		8A7A6F7027202D15008A7E40 /* ViewController.swift in Sources */ = {isa = PBXBuildFile; fileRef = 8A7A6F6F27202D15008A7E40 /* ViewController.swift */; };
		8A7A6F7327202D15008A7E40 /* Main.storyboard in Resources */ = {isa = PBXBuildFile; fileRef = 8A7A6F7127202D15008A7E40 /* Main.storyboard */; };
		8A7A6F7527202D1D008A7E40 /* Assets.xcassets in Resources */ = {isa = PBXBuildFile; fileRef = 8A7A6F7427202D1D008A7E40 /* Assets.xcassets */; };
		8A7A6F7827202D1D008A7E40 /* LaunchScreen.storyboard in Resources */ = {isa = PBXBuildFile; fileRef = 8A7A6F7627202D1D008A7E40 /* LaunchScreen.storyboard */; };
		8A7A6F8327202D1E008A7E40 /* Tutu_UIKitTests.swift in Sources */ = {isa = PBXBuildFile; fileRef = 8A7A6F8227202D1E008A7E40 /* Tutu_UIKitTests.swift */; };
		8A7A6F8D27202D1E008A7E40 /* Tutu_UIKitUITests.swift in Sources */ = {isa = PBXBuildFile; fileRef = 8A7A6F8C27202D1E008A7E40 /* Tutu_UIKitUITests.swift */; };
		8A7A6F8F27202D1E008A7E40 /* Tutu_UIKitUITestsLaunchTests.swift in Sources */ = {isa = PBXBuildFile; fileRef = 8A7A6F8E27202D1E008A7E40 /* Tutu_UIKitUITestsLaunchTests.swift */; };
/* End PBXBuildFile section */

/* Begin PBXContainerItemProxy section */
		8A7A6F7F27202D1E008A7E40 /* PBXContainerItemProxy */ = {
			isa = PBXContainerItemProxy;
			containerPortal = 8A7A6F6027202D15008A7E40 /* Project object */;
			proxyType = 1;
			remoteGlobalIDString = 8A7A6F6727202D15008A7E40;
			remoteInfo = Tutu_UIKit;
		};
		8A7A6F8927202D1E008A7E40 /* PBXContainerItemProxy */ = {
			isa = PBXContainerItemProxy;
			containerPortal = 8A7A6F6027202D15008A7E40 /* Project object */;
			proxyType = 1;
			remoteGlobalIDString = 8A7A6F6727202D15008A7E40;
			remoteInfo = Tutu_UIKit;
		};
/* End PBXContainerItemProxy section */

/* Begin PBXFileReference section */
		8A7A6F6827202D15008A7E40 /* Tutu_UIKit.app */ = {isa = PBXFileReference; explicitFileType = wrapper.application; includeInIndex = 0; path = Tutu_UIKit.app; sourceTree = BUILT_PRODUCTS_DIR; };
		8A7A6F6B27202D15008A7E40 /* AppDelegate.swift */ = {isa = PBXFileReference; lastKnownFileType = sourcecode.swift; path = AppDelegate.swift; sourceTree = "<group>"; };
		8A7A6F6D27202D15008A7E40 /* SceneDelegate.swift */ = {isa = PBXFileReference; lastKnownFileType = sourcecode.swift; path = SceneDelegate.swift; sourceTree = "<group>"; };
		8A7A6F6F27202D15008A7E40 /* ViewController.swift */ = {isa = PBXFileReference; lastKnownFileType = sourcecode.swift; path = ViewController.swift; sourceTree = "<group>"; };
		8A7A6F7227202D15008A7E40 /* Base */ = {isa = PBXFileReference; lastKnownFileType = file.storyboard; name = Base; path = Base.lproj/Main.storyboard; sourceTree = "<group>"; };
		8A7A6F7427202D1D008A7E40 /* Assets.xcassets */ = {isa = PBXFileReference; lastKnownFileType = folder.assetcatalog; path = Assets.xcassets; sourceTree = "<group>"; };
		8A7A6F7727202D1D008A7E40 /* Base */ = {isa = PBXFileReference; lastKnownFileType = file.storyboard; name = Base; path = Base.lproj/LaunchScreen.storyboard; sourceTree = "<group>"; };
		8A7A6F7927202D1D008A7E40 /* Info.plist */ = {isa = PBXFileReference; lastKnownFileType = text.plist.xml; path = Info.plist; sourceTree = "<group>"; };
		8A7A6F7E27202D1E008A7E40 /* Tutu_UIKitTests.xctest */ = {isa = PBXFileReference; explicitFileType = wrapper.cfbundle; includeInIndex = 0; path = Tutu_UIKitTests.xctest; sourceTree = BUILT_PRODUCTS_DIR; };
		8A7A6F8227202D1E008A7E40 /* Tutu_UIKitTests.swift */ = {isa = PBXFileReference; lastKnownFileType = sourcecode.swift; path = Tutu_UIKitTests.swift; sourceTree = "<group>"; };
		8A7A6F8827202D1E008A7E40 /* Tutu_UIKitUITests.xctest */ = {isa = PBXFileReference; explicitFileType = wrapper.cfbundle; includeInIndex = 0; path = Tutu_UIKitUITests.xctest; sourceTree = BUILT_PRODUCTS_DIR; };
		8A7A6F8C27202D1E008A7E40 /* Tutu_UIKitUITests.swift */ = {isa = PBXFileReference; lastKnownFileType = sourcecode.swift; path = Tutu_UIKitUITests.swift; sourceTree = "<group>"; };
		8A7A6F8E27202D1E008A7E40 /* Tutu_UIKitUITestsLaunchTests.swift */ = {isa = PBXFileReference; lastKnownFileType = sourcecode.swift; path = Tutu_UIKitUITestsLaunchTests.swift; sourceTree = "<group>"; };
/* End PBXFileReference section */

/* Begin PBXFrameworksBuildPhase section */
		8A7A6F6527202D15008A7E40 /* Frameworks */ = {
			isa = PBXFrameworksBuildPhase;
			buildActionMask = 2147483647;
			files = (
			);
			runOnlyForDeploymentPostprocessing = 0;
		};
		8A7A6F7B27202D1E008A7E40 /* Frameworks */ = {
			isa = PBXFrameworksBuildPhase;
			buildActionMask = 2147483647;
			files = (
			);
			runOnlyForDeploymentPostprocessing = 0;
		};
		8A7A6F8527202D1E008A7E40 /* Frameworks */ = {
			isa = PBXFrameworksBuildPhase;
			buildActionMask = 2147483647;
			files = (
			);
			runOnlyForDeploymentPostprocessing = 0;
		};
/* End PBXFrameworksBuildPhase section */

/* Begin PBXGroup section */
		8A7A6F5F27202D15008A7E40 = {
			isa = PBXGroup;
			children = (
				8A7A6F6A27202D15008A7E40 /* Tutu_UIKit */,
				8A7A6F8127202D1E008A7E40 /* Tutu_UIKitTests */,
				8A7A6F8B27202D1E008A7E40 /* Tutu_UIKitUITests */,
				8A7A6F6927202D15008A7E40 /* Products */,
			);
			sourceTree = "<group>";
		};
		8A7A6F6927202D15008A7E40 /* Products */ = {
			isa = PBXGroup;
			children = (
				8A7A6F6827202D15008A7E40 /* Tutu_UIKit.app */,
				8A7A6F7E27202D1E008A7E40 /* Tutu_UIKitTests.xctest */,
				8A7A6F8827202D1E008A7E40 /* Tutu_UIKitUITests.xctest */,
			);
			name = Products;
			sourceTree = "<group>";
		};
		8A7A6F6A27202D15008A7E40 /* Tutu_UIKit */ = {
			isa = PBXGroup;
			children = (
				8A7A6F6B27202D15008A7E40 /* AppDelegate.swift */,
				8A7A6F6D27202D15008A7E40 /* SceneDelegate.swift */,
				8A7A6F6F27202D15008A7E40 /* ViewController.swift */,
				8A7A6F7127202D15008A7E40 /* Main.storyboard */,
				8A7A6F7427202D1D008A7E40 /* Assets.xcassets */,
				8A7A6F7627202D1D008A7E40 /* LaunchScreen.storyboard */,
				8A7A6F7927202D1D008A7E40 /* Info.plist */,
			);
			path = Tutu_UIKit;
			sourceTree = "<group>";
		};
		8A7A6F8127202D1E008A7E40 /* Tutu_UIKitTests */ = {
			isa = PBXGroup;
			children = (
				8A7A6F8227202D1E008A7E40 /* Tutu_UIKitTests.swift */,
			);
			path = Tutu_UIKitTests;
			sourceTree = "<group>";
		};
		8A7A6F8B27202D1E008A7E40 /* Tutu_UIKitUITests */ = {
			isa = PBXGroup;
			children = (
				8A7A6F8C27202D1E008A7E40 /* Tutu_UIKitUITests.swift */,
				8A7A6F8E27202D1E008A7E40 /* Tutu_UIKitUITestsLaunchTests.swift */,
			);
			path = Tutu_UIKitUITests;
			sourceTree = "<group>";
		};
/* End PBXGroup section */

/* Begin PBXNativeTarget section */
		8A7A6F6727202D15008A7E40 /* Tutu_UIKit */ = {
			isa = PBXNativeTarget;
			buildConfigurationList = 8A7A6F9227202D1E008A7E40 /* Build configuration list for PBXNativeTarget "Tutu_UIKit" */;
			buildPhases = (
				8A7A6F6427202D15008A7E40 /* Sources */,
				8A7A6F6527202D15008A7E40 /* Frameworks */,
				8A7A6F6627202D15008A7E40 /* Resources */,
			);
			buildRules = (
			);
			dependencies = (
			);
			name = Tutu_UIKit;
			productName = Tutu_UIKit;
			productReference = 8A7A6F6827202D15008A7E40 /* Tutu_UIKit.app */;
			productType = "com.apple.product-type.application";
		};
		8A7A6F7D27202D1E008A7E40 /* Tutu_UIKitTests */ = {
			isa = PBXNativeTarget;
			buildConfigurationList = 8A7A6F9527202D1E008A7E40 /* Build configuration list for PBXNativeTarget "Tutu_UIKitTests" */;
			buildPhases = (
				8A7A6F7A27202D1E008A7E40 /* Sources */,
				8A7A6F7B27202D1E008A7E40 /* Frameworks */,
				8A7A6F7C27202D1E008A7E40 /* Resources */,
			);
			buildRules = (
			);
			dependencies = (
				8A7A6F8027202D1E008A7E40 /* PBXTargetDependency */,
			);
			name = Tutu_UIKitTests;
			productName = Tutu_UIKitTests;
			productReference = 8A7A6F7E27202D1E008A7E40 /* Tutu_UIKitTests.xctest */;
			productType = "com.apple.product-type.bundle.unit-test";
		};
		8A7A6F8727202D1E008A7E40 /* Tutu_UIKitUITests */ = {
			isa = PBXNativeTarget;
			buildConfigurationList = 8A7A6F9827202D1E008A7E40 /* Build configuration list for PBXNativeTarget "Tutu_UIKitUITests" */;
			buildPhases = (
				8A7A6F8427202D1E008A7E40 /* Sources */,
				8A7A6F8527202D1E008A7E40 /* Frameworks */,
				8A7A6F8627202D1E008A7E40 /* Resources */,
			);
			buildRules = (
			);
			dependencies = (
				8A7A6F8A27202D1E008A7E40 /* PBXTargetDependency */,
			);
			name = Tutu_UIKitUITests;
			productName = Tutu_UIKitUITests;
			productReference = 8A7A6F8827202D1E008A7E40 /* Tutu_UIKitUITests.xctest */;
			productType = "com.apple.product-type.bundle.ui-testing";
		};
/* End PBXNativeTarget section */

/* Begin PBXProject section */
		8A7A6F6027202D15008A7E40 /* Project object */ = {
			isa = PBXProject;
			attributes = {
				BuildIndependentTargetsInParallel = 1;
				LastSwiftUpdateCheck = 1300;
				LastUpgradeCheck = 1300;
				TargetAttributes = {
					8A7A6F6727202D15008A7E40 = {
						CreatedOnToolsVersion = 13.0;
					};
					8A7A6F7D27202D1E008A7E40 = {
						CreatedOnToolsVersion = 13.0;
						TestTargetID = 8A7A6F6727202D15008A7E40;
					};
					8A7A6F8727202D1E008A7E40 = {
						CreatedOnToolsVersion = 13.0;
						TestTargetID = 8A7A6F6727202D15008A7E40;
					};
				};
			};
			buildConfigurationList = 8A7A6F6327202D15008A7E40 /* Build configuration list for PBXProject "Tutu_UIKit" */;
			compatibilityVersion = "Xcode 13.0";
			developmentRegion = en;
			hasScannedForEncodings = 0;
			knownRegions = (
				en,
				Base,
			);
			mainGroup = 8A7A6F5F27202D15008A7E40;
			productRefGroup = 8A7A6F6927202D15008A7E40 /* Products */;
			projectDirPath = "";
			projectRoot = "";
			targets = (
				8A7A6F6727202D15008A7E40 /* Tutu_UIKit */,
				8A7A6F7D27202D1E008A7E40 /* Tutu_UIKitTests */,
				8A7A6F8727202D1E008A7E40 /* Tutu_UIKitUITests */,
			);
		};
/* End PBXProject section */

/* Begin PBXResourcesBuildPhase section */
		8A7A6F6627202D15008A7E40 /* Resources */ = {
			isa = PBXResourcesBuildPhase;
			buildActionMask = 2147483647;
			files = (
				8A7A6F7827202D1D008A7E40 /* LaunchScreen.storyboard in Resources */,
				8A7A6F7527202D1D008A7E40 /* Assets.xcassets in Resources */,
				8A7A6F7327202D15008A7E40 /* Main.storyboard in Resources */,
			);
			runOnlyForDeploymentPostprocessing = 0;
		};
		8A7A6F7C27202D1E008A7E40 /* Resources */ = {
			isa = PBXResourcesBuildPhase;
			buildActionMask = 2147483647;
			files = (
			);
			runOnlyForDeploymentPostprocessing = 0;
		};
		8A7A6F8627202D1E008A7E40 /* Resources */ = {
			isa = PBXResourcesBuildPhase;
			buildActionMask = 2147483647;
			files = (
			);
			runOnlyForDeploymentPostprocessing = 0;
		};
/* End PBXResourcesBuildPhase section */

/* Begin PBXSourcesBuildPhase section */
		8A7A6F6427202D15008A7E40 /* Sources */ = {
			isa = PBXSourcesBuildPhase;
			buildActionMask = 2147483647;
			files = (
				8A7A6F7027202D15008A7E40 /* ViewController.swift in Sources */,
				8A7A6F6C27202D15008A7E40 /* AppDelegate.swift in Sources */,
				8A7A6F6E27202D15008A7E40 /* SceneDelegate.swift in Sources */,
			);
			runOnlyForDeploymentPostprocessing = 0;
		};
		8A7A6F7A27202D1E008A7E40 /* Sources */ = {
			isa = PBXSourcesBuildPhase;
			buildActionMask = 2147483647;
			files = (
				8A7A6F8327202D1E008A7E40 /* Tutu_UIKitTests.swift in Sources */,
			);
			runOnlyForDeploymentPostprocessing = 0;
		};
		8A7A6F8427202D1E008A7E40 /* Sources */ = {
			isa = PBXSourcesBuildPhase;
			buildActionMask = 2147483647;
			files = (
				8A7A6F8D27202D1E008A7E40 /* Tutu_UIKitUITests.swift in Sources */,
				8A7A6F8F27202D1E008A7E40 /* Tutu_UIKitUITestsLaunchTests.swift in Sources */,
			);
			runOnlyForDeploymentPostprocessing = 0;
		};
/* End PBXSourcesBuildPhase section */

/* Begin PBXTargetDependency section */
		8A7A6F8027202D1E008A7E40 /* PBXTargetDependency */ = {
			isa = PBXTargetDependency;
			target = 8A7A6F6727202D15008A7E40 /* Tutu_UIKit */;
			targetProxy = 8A7A6F7F27202D1E008A7E40 /* PBXContainerItemProxy */;
		};
		8A7A6F8A27202D1E008A7E40 /* PBXTargetDependency */ = {
			isa = PBXTargetDependency;
			target = 8A7A6F6727202D15008A7E40 /* Tutu_UIKit */;
			targetProxy = 8A7A6F8927202D1E008A7E40 /* PBXContainerItemProxy */;
		};
/* End PBXTargetDependency section */

/* Begin PBXVariantGroup section */
		8A7A6F7127202D15008A7E40 /* Main.storyboard */ = {
			isa = PBXVariantGroup;
			children = (
				8A7A6F7227202D15008A7E40 /* Base */,
			);
			name = Main.storyboard;
			sourceTree = "<group>";
		};
		8A7A6F7627202D1D008A7E40 /* LaunchScreen.storyboard */ = {
			isa = PBXVariantGroup;
			children = (
				8A7A6F7727202D1D008A7E40 /* Base */,
			);
			name = LaunchScreen.storyboard;
			sourceTree = "<group>";
		};
/* End PBXVariantGroup section */

/* Begin XCBuildConfiguration section */
		8A7A6F9027202D1E008A7E40 /* Debug */ = {
			isa = XCBuildConfiguration;
			buildSettings = {
				ALWAYS_SEARCH_USER_PATHS = NO;
				CLANG_ANALYZER_NONNULL = YES;
				CLANG_ANALYZER_NUMBER_OBJECT_CONVERSION = YES_AGGRESSIVE;
				CLANG_CXX_LANGUAGE_STANDARD = "gnu++17";
				CLANG_CXX_LIBRARY = "libc++";
				CLANG_ENABLE_MODULES = YES;
				CLANG_ENABLE_OBJC_ARC = YES;
				CLANG_ENABLE_OBJC_WEAK = YES;
				CLANG_WARN_BLOCK_CAPTURE_AUTORELEASING = YES;
				CLANG_WARN_BOOL_CONVERSION = YES;
				CLANG_WARN_COMMA = YES;
				CLANG_WARN_CONSTANT_CONVERSION = YES;
				CLANG_WARN_DEPRECATED_OBJC_IMPLEMENTATIONS = YES;
				CLANG_WARN_DIRECT_OBJC_ISA_USAGE = YES_ERROR;
				CLANG_WARN_DOCUMENTATION_COMMENTS = YES;
				CLANG_WARN_EMPTY_BODY = YES;
				CLANG_WARN_ENUM_CONVERSION = YES;
				CLANG_WARN_INFINITE_RECURSION = YES;
				CLANG_WARN_INT_CONVERSION = YES;
				CLANG_WARN_NON_LITERAL_NULL_CONVERSION = YES;
				CLANG_WARN_OBJC_IMPLICIT_RETAIN_SELF = YES;
				CLANG_WARN_OBJC_LITERAL_CONVERSION = YES;
				CLANG_WARN_OBJC_ROOT_CLASS = YES_ERROR;
				CLANG_WARN_QUOTED_INCLUDE_IN_FRAMEWORK_HEADER = YES;
				CLANG_WARN_RANGE_LOOP_ANALYSIS = YES;
				CLANG_WARN_STRICT_PROTOTYPES = YES;
				CLANG_WARN_SUSPICIOUS_MOVE = YES;
				CLANG_WARN_UNGUARDED_AVAILABILITY = YES_AGGRESSIVE;
				CLANG_WARN_UNREACHABLE_CODE = YES;
				CLANG_WARN__DUPLICATE_METHOD_MATCH = YES;
				COPY_PHASE_STRIP = NO;
				DEBUG_INFORMATION_FORMAT = dwarf;
				ENABLE_STRICT_OBJC_MSGSEND = YES;
				ENABLE_TESTABILITY = YES;
				GCC_C_LANGUAGE_STANDARD = gnu11;
				GCC_DYNAMIC_NO_PIC = NO;
				GCC_NO_COMMON_BLOCKS = YES;
				GCC_OPTIMIZATION_LEVEL = 0;
				GCC_PREPROCESSOR_DEFINITIONS = (
					"DEBUG=1",
					"$(inherited)",
				);
				GCC_WARN_64_TO_32_BIT_CONVERSION = YES;
				GCC_WARN_ABOUT_RETURN_TYPE = YES_ERROR;
				GCC_WARN_UNDECLARED_SELECTOR = YES;
				GCC_WARN_UNINITIALIZED_AUTOS = YES_AGGRESSIVE;
				GCC_WARN_UNUSED_FUNCTION = YES;
				GCC_WARN_UNUSED_VARIABLE = YES;
				IPHONEOS_DEPLOYMENT_TARGET = 15.0;
				MTL_ENABLE_DEBUG_INFO = INCLUDE_SOURCE;
				MTL_FAST_MATH = YES;
				ONLY_ACTIVE_ARCH = YES;
				SDKROOT = iphoneos;
				SWIFT_ACTIVE_COMPILATION_CONDITIONS = DEBUG;
				SWIFT_OPTIMIZATION_LEVEL = "-Onone";
			};
			name = Debug;
		};
		8A7A6F9127202D1E008A7E40 /* Release */ = {
			isa = XCBuildConfiguration;
			buildSettings = {
				ALWAYS_SEARCH_USER_PATHS = NO;
				CLANG_ANALYZER_NONNULL = YES;
				CLANG_ANALYZER_NUMBER_OBJECT_CONVERSION = YES_AGGRESSIVE;
				CLANG_CXX_LANGUAGE_STANDARD = "gnu++17";
				CLANG_CXX_LIBRARY = "libc++";
				CLANG_ENABLE_MODULES = YES;
				CLANG_ENABLE_OBJC_ARC = YES;
				CLANG_ENABLE_OBJC_WEAK = YES;
				CLANG_WARN_BLOCK_CAPTURE_AUTORELEASING = YES;
				CLANG_WARN_BOOL_CONVERSION = YES;
				CLANG_WARN_COMMA = YES;
				CLANG_WARN_CONSTANT_CONVERSION = YES;
				CLANG_WARN_DEPRECATED_OBJC_IMPLEMENTATIONS = YES;
				CLANG_WARN_DIRECT_OBJC_ISA_USAGE = YES_ERROR;
				CLANG_WARN_DOCUMENTATION_COMMENTS = YES;
				CLANG_WARN_EMPTY_BODY = YES;
				CLANG_WARN_ENUM_CONVERSION = YES;
				CLANG_WARN_INFINITE_RECURSION = YES;
				CLANG_WARN_INT_CONVERSION = YES;
				CLANG_WARN_NON_LITERAL_NULL_CONVERSION = YES;
				CLANG_WARN_OBJC_IMPLICIT_RETAIN_SELF = YES;
				CLANG_WARN_OBJC_LITERAL_CONVERSION = YES;
				CLANG_WARN_OBJC_ROOT_CLASS = YES_ERROR;
				CLANG_WARN_QUOTED_INCLUDE_IN_FRAMEWORK_HEADER = YES;
				CLANG_WARN_RANGE_LOOP_ANALYSIS = YES;
				CLANG_WARN_STRICT_PROTOTYPES = YES;
				CLANG_WARN_SUSPICIOUS_MOVE = YES;
				CLANG_WARN_UNGUARDED_AVAILABILITY = YES_AGGRESSIVE;
				CLANG_WARN_UNREACHABLE_CODE = YES;
				CLANG_WARN__DUPLICATE_METHOD_MATCH = YES;
				COPY_PHASE_STRIP = NO;
				DEBUG_INFORMATION_FORMAT = "dwarf-with-dsym";
				ENABLE_NS_ASSERTIONS = NO;
				ENABLE_STRICT_OBJC_MSGSEND = YES;
				GCC_C_LANGUAGE_STANDARD = gnu11;
				GCC_NO_COMMON_BLOCKS = YES;
				GCC_WARN_64_TO_32_BIT_CONVERSION = YES;
				GCC_WARN_ABOUT_RETURN_TYPE = YES_ERROR;
				GCC_WARN_UNDECLARED_SELECTOR = YES;
				GCC_WARN_UNINITIALIZED_AUTOS = YES_AGGRESSIVE;
				GCC_WARN_UNUSED_FUNCTION = YES;
				GCC_WARN_UNUSED_VARIABLE = YES;
				IPHONEOS_DEPLOYMENT_TARGET = 15.0;
				MTL_ENABLE_DEBUG_INFO = NO;
				MTL_FAST_MATH = YES;
				SDKROOT = iphoneos;
				SWIFT_COMPILATION_MODE = wholemodule;
				SWIFT_OPTIMIZATION_LEVEL = "-O";
				VALIDATE_PRODUCT = YES;
			};
			name = Release;
		};
		8A7A6F9327202D1E008A7E40 /* Debug */ = {
			isa = XCBuildConfiguration;
			buildSettings = {
				ASSETCATALOG_COMPILER_APPICON_NAME = AppIcon;
				ASSETCATALOG_COMPILER_GLOBAL_ACCENT_COLOR_NAME = AccentColor;
				CODE_SIGN_STYLE = Automatic;
				CURRENT_PROJECT_VERSION = 1;
				DEVELOPMENT_TEAM = 4A5GSXMSS8;
				GENERATE_INFOPLIST_FILE = YES;
				INFOPLIST_FILE = Tutu_UIKit/Info.plist;
				INFOPLIST_KEY_UIApplicationSupportsIndirectInputEvents = YES;
				INFOPLIST_KEY_UILaunchStoryboardName = LaunchScreen;
				INFOPLIST_KEY_UIMainStoryboardFile = Main;
				INFOPLIST_KEY_UISupportedInterfaceOrientations_iPad = "UIInterfaceOrientationPortrait UIInterfaceOrientationPortraitUpsideDown UIInterfaceOrientationLandscapeLeft UIInterfaceOrientationLandscapeRight";
				INFOPLIST_KEY_UISupportedInterfaceOrientations_iPhone = "UIInterfaceOrientationPortrait UIInterfaceOrientationLandscapeLeft UIInterfaceOrientationLandscapeRight";
				LD_RUNPATH_SEARCH_PATHS = (
					"$(inherited)",
					"@executable_path/Frameworks",
				);
				MARKETING_VERSION = 1.0;
				PRODUCT_BUNDLE_IDENTIFIER = "-.Tutu-UIKit";
				PRODUCT_NAME = "$(TARGET_NAME)";
				SWIFT_EMIT_LOC_STRINGS = YES;
				SWIFT_VERSION = 5.0;
				TARGETED_DEVICE_FAMILY = "1,2";
			};
			name = Debug;
		};
		8A7A6F9427202D1E008A7E40 /* Release */ = {
			isa = XCBuildConfiguration;
			buildSettings = {
				ASSETCATALOG_COMPILER_APPICON_NAME = AppIcon;
				ASSETCATALOG_COMPILER_GLOBAL_ACCENT_COLOR_NAME = AccentColor;
				CODE_SIGN_STYLE = Automatic;
				CURRENT_PROJECT_VERSION = 1;
				DEVELOPMENT_TEAM = 4A5GSXMSS8;
				GENERATE_INFOPLIST_FILE = YES;
				INFOPLIST_FILE = Tutu_UIKit/Info.plist;
				INFOPLIST_KEY_UIApplicationSupportsIndirectInputEvents = YES;
				INFOPLIST_KEY_UILaunchStoryboardName = LaunchScreen;
				INFOPLIST_KEY_UIMainStoryboardFile = Main;
				INFOPLIST_KEY_UISupportedInterfaceOrientations_iPad = "UIInterfaceOrientationPortrait UIInterfaceOrientationPortraitUpsideDown UIInterfaceOrientationLandscapeLeft UIInterfaceOrientationLandscapeRight";
				INFOPLIST_KEY_UISupportedInterfaceOrientations_iPhone = "UIInterfaceOrientationPortrait UIInterfaceOrientationLandscapeLeft UIInterfaceOrientationLandscapeRight";
				LD_RUNPATH_SEARCH_PATHS = (
					"$(inherited)",
					"@executable_path/Frameworks",
				);
				MARKETING_VERSION = 1.0;
				PRODUCT_BUNDLE_IDENTIFIER = "-.Tutu-UIKit";
				PRODUCT_NAME = "$(TARGET_NAME)";
				SWIFT_EMIT_LOC_STRINGS = YES;
				SWIFT_VERSION = 5.0;
				TARGETED_DEVICE_FAMILY = "1,2";
			};
			name = Release;
		};
		8A7A6F9627202D1E008A7E40 /* Debug */ = {
			isa = XCBuildConfiguration;
			buildSettings = {
				ALWAYS_EMBED_SWIFT_STANDARD_LIBRARIES = YES;
				BUNDLE_LOADER = "$(TEST_HOST)";
				CODE_SIGN_STYLE = Automatic;
				CURRENT_PROJECT_VERSION = 1;
				DEVELOPMENT_TEAM = 4A5GSXMSS8;
				GENERATE_INFOPLIST_FILE = YES;
				IPHONEOS_DEPLOYMENT_TARGET = 15.0;
				LD_RUNPATH_SEARCH_PATHS = (
					"$(inherited)",
					"@executable_path/Frameworks",
					"@loader_path/Frameworks",
				);
				MARKETING_VERSION = 1.0;
				PRODUCT_BUNDLE_IDENTIFIER = "-.Tutu-UIKitTests";
				PRODUCT_NAME = "$(TARGET_NAME)";
				SWIFT_EMIT_LOC_STRINGS = NO;
				SWIFT_VERSION = 5.0;
				TARGETED_DEVICE_FAMILY = "1,2";
				TEST_HOST = "$(BUILT_PRODUCTS_DIR)/Tutu_UIKit.app/Tutu_UIKit";
			};
			name = Debug;
		};
		8A7A6F9727202D1E008A7E40 /* Release */ = {
			isa = XCBuildConfiguration;
			buildSettings = {
				ALWAYS_EMBED_SWIFT_STANDARD_LIBRARIES = YES;
				BUNDLE_LOADER = "$(TEST_HOST)";
				CODE_SIGN_STYLE = Automatic;
				CURRENT_PROJECT_VERSION = 1;
				DEVELOPMENT_TEAM = 4A5GSXMSS8;
				GENERATE_INFOPLIST_FILE = YES;
				IPHONEOS_DEPLOYMENT_TARGET = 15.0;
				LD_RUNPATH_SEARCH_PATHS = (
					"$(inherited)",
					"@executable_path/Frameworks",
					"@loader_path/Frameworks",
				);
				MARKETING_VERSION = 1.0;
				PRODUCT_BUNDLE_IDENTIFIER = "-.Tutu-UIKitTests";
				PRODUCT_NAME = "$(TARGET_NAME)";
				SWIFT_EMIT_LOC_STRINGS = NO;
				SWIFT_VERSION = 5.0;
				TARGETED_DEVICE_FAMILY = "1,2";
				TEST_HOST = "$(BUILT_PRODUCTS_DIR)/Tutu_UIKit.app/Tutu_UIKit";
			};
			name = Release;
		};
		8A7A6F9927202D1E008A7E40 /* Debug */ = {
			isa = XCBuildConfiguration;
			buildSettings = {
				ALWAYS_EMBED_SWIFT_STANDARD_LIBRARIES = YES;
				CODE_SIGN_STYLE = Automatic;
				CURRENT_PROJECT_VERSION = 1;
				DEVELOPMENT_TEAM = 4A5GSXMSS8;
				GENERATE_INFOPLIST_FILE = YES;
				LD_RUNPATH_SEARCH_PATHS = (
					"$(inherited)",
					"@executable_path/Frameworks",
					"@loader_path/Frameworks",
				);
				MARKETING_VERSION = 1.0;
				PRODUCT_BUNDLE_IDENTIFIER = "-.Tutu-UIKitUITests";
				PRODUCT_NAME = "$(TARGET_NAME)";
				SWIFT_EMIT_LOC_STRINGS = NO;
				SWIFT_VERSION = 5.0;
				TARGETED_DEVICE_FAMILY = "1,2";
				TEST_TARGET_NAME = Tutu_UIKit;
			};
			name = Debug;
		};
		8A7A6F9A27202D1E008A7E40 /* Release */ = {
			isa = XCBuildConfiguration;
			buildSettings = {
				ALWAYS_EMBED_SWIFT_STANDARD_LIBRARIES = YES;
				CODE_SIGN_STYLE = Automatic;
				CURRENT_PROJECT_VERSION = 1;
				DEVELOPMENT_TEAM = 4A5GSXMSS8;
				GENERATE_INFOPLIST_FILE = YES;
				LD_RUNPATH_SEARCH_PATHS = (
					"$(inherited)",
					"@executable_path/Frameworks",
					"@loader_path/Frameworks",
				);
				MARKETING_VERSION = 1.0;
				PRODUCT_BUNDLE_IDENTIFIER = "-.Tutu-UIKitUITests";
				PRODUCT_NAME = "$(TARGET_NAME)";
				SWIFT_EMIT_LOC_STRINGS = NO;
				SWIFT_VERSION = 5.0;
				TARGETED_DEVICE_FAMILY = "1,2";
				TEST_TARGET_NAME = Tutu_UIKit;
			};
			name = Release;
		};
/* End XCBuildConfiguration section */

/* Begin XCConfigurationList section */
		8A7A6F6327202D15008A7E40 /* Build configuration list for PBXProject "Tutu_UIKit" */ = {
			isa = XCConfigurationList;
			buildConfigurations = (
				8A7A6F9027202D1E008A7E40 /* Debug */,
				8A7A6F9127202D1E008A7E40 /* Release */,
			);
			defaultConfigurationIsVisible = 0;
			defaultConfigurationName = Release;
		};
		8A7A6F9227202D1E008A7E40 /* Build configuration list for PBXNativeTarget "Tutu_UIKit" */ = {
			isa = XCConfigurationList;
			buildConfigurations = (
				8A7A6F9327202D1E008A7E40 /* Debug */,
				8A7A6F9427202D1E008A7E40 /* Release */,
			);
			defaultConfigurationIsVisible = 0;
			defaultConfigurationName = Release;
		};
		8A7A6F9527202D1E008A7E40 /* Build configuration list for PBXNativeTarget "Tutu_UIKitTests" */ = {
			isa = XCConfigurationList;
			buildConfigurations = (
				8A7A6F9627202D1E008A7E40 /* Debug */,
				8A7A6F9727202D1E008A7E40 /* Release */,
			);
			defaultConfigurationIsVisible = 0;
			defaultConfigurationName = Release;
		};
		8A7A6F9827202D1E008A7E40 /* Build configuration list for PBXNativeTarget "Tutu_UIKitUITests" */ = {
			isa = XCConfigurationList;
			buildConfigurations = (
				8A7A6F9927202D1E008A7E40 /* Debug */,
				8A7A6F9A27202D1E008A7E40 /* Release */,
			);
			defaultConfigurationIsVisible = 0;
			defaultConfigurationName = Release;
		};
/* End XCConfigurationList section */
	};
	rootObject = 8A7A6F6027202D15008A7E40 /* Project object */;
}
